
Microsoft Visual Studio Solution File, Format Version 12.00
# Visual Studio Version 17
VisualStudioVersion = 17.2.32602.215
MinimumVisualStudioVersion = 10.0.40219.1
Project("{8BC9CEB8-8B4A-11D0-8D11-00A0C91BC942}") = "ContestProblem5.2", "ContestProblem5.2\ContestProblem5.2.vcxproj", "{DD36454A-EBF0-430A-AB91-7832917F1072}"
EndProject
Global
	GlobalSection(SolutionConfigurationPlatforms) = preSolution
		Debug|x64 = Debug|x64
		Debug|x86 = Debug|x86
		Release|x64 = Release|x64
		Release|x86 = Release|x86
	EndGlobalSection
	GlobalSection(ProjectConfigurationPlatforms) = postSolution
		{DD36454A-EBF0-430A-AB91-7832917F1072}.Debug|x64.ActiveCfg = Debug|x64
		{DD36454A-EBF0-430A-AB91-7832917F1072}.Debug|x64.Build.0 = Debug|x64
		{DD36454A-EBF0-430A-AB91-7832917F1072}.Debug|x86.ActiveCfg = Debug|Win32
		{DD36454A-EBF0-430A-AB91-7832917F1072}.Debug|x86.Build.0 = Debug|Win32
		{DD36454A-EBF0-430A-AB91-7832917F1072}.Release|x64.ActiveCfg = Release|x64
		{DD36454A-EBF0-430A-AB91-7832917F1072}.Release|x64.Build.0 = Release|x64
		{DD36454A-EBF0-430A-AB91-7832917F1072}.Release|x86.ActiveCfg = Release|Win32
		{DD36454A-EBF0-430A-AB91-7832917F1072}.Release|x86.Build.0 = Release|Win32
	EndGlobalSection
	GlobalSection(SolutionProperties) = preSolution
		HideSolutionNode = FALSE
	EndGlobalSection
	GlobalSection(ExtensibilityGlobals) = postSolution
		SolutionGuid = {D76A7F93-0A07-4905-9232-90C4C09BFC51}
	EndGlobalSection
EndGlobal
